// !$*UTF8*$!
{
	archiveVersion = 1;
	classes = {
	};
	objectVersion = 46;
	objects = {

/* Begin PBXBuildFile section */
		396BC09E1E56A2630088FE0E /* main.m in Sources */ = {isa = PBXBuildFile; fileRef = 396BC09D1E56A2630088FE0E /* main.m */; };
		396BC0A11E56A2630088FE0E /* AppDelegate.m in Sources */ = {isa = PBXBuildFile; fileRef = 396BC0A01E56A2630088FE0E /* AppDelegate.m */; };
		396BC0A41E56A2630088FE0E /* ViewController.m in Sources */ = {isa = PBXBuildFile; fileRef = 396BC0A31E56A2630088FE0E /* ViewController.m */; };
		396BC0A71E56A2630088FE0E /* Main.storyboard in Resources */ = {isa = PBXBuildFile; fileRef = 396BC0A51E56A2630088FE0E /* Main.storyboard */; };
		396BC0A91E56A2630088FE0E /* Assets.xcassets in Resources */ = {isa = PBXBuildFile; fileRef = 396BC0A81E56A2630088FE0E /* Assets.xcassets */; };
		396BC0AC1E56A2630088FE0E /* LaunchScreen.storyboard in Resources */ = {isa = PBXBuildFile; fileRef = 396BC0AA1E56A2630088FE0E /* LaunchScreen.storyboard */; };
		396BC0B51E56E59F0088FE0E /* UPTableViewController.m in Sources */ = {isa = PBXBuildFile; fileRef = 396BC0B41E56E59F0088FE0E /* UPTableViewController.m */; };
/* End PBXBuildFile section */

/* Begin PBXFileReference section */
		396BC0991E56A2630088FE0E /* ScrollNav.app */ = {isa = PBXFileReference; explicitFileType = wrapper.application; includeInIndex = 0; path = ScrollNav.app; sourceTree = BUILT_PRODUCTS_DIR; };
		396BC09D1E56A2630088FE0E /* main.m */ = {isa = PBXFileReference; lastKnownFileType = sourcecode.c.objc; path = main.m; sourceTree = "<group>"; };
		396BC09F1E56A2630088FE0E /* AppDelegate.h */ = {isa = PBXFileReference; lastKnownFileType = sourcecode.c.h; path = AppDelegate.h; sourceTree = "<group>"; };
		396BC0A01E56A2630088FE0E /* AppDelegate.m */ = {isa = PBXFileReference; lastKnownFileType = sourcecode.c.objc; path = AppDelegate.m; sourceTree = "<group>"; };
		396BC0A21E56A2630088FE0E /* ViewController.h */ = {isa = PBXFileReference; lastKnownFileType = sourcecode.c.h; path = ViewController.h; sourceTree = "<group>"; };
		396BC0A31E56A2630088FE0E /* ViewController.m */ = {isa = PBXFileReference; lastKnownFileType = sourcecode.c.objc; path = ViewController.m; sourceTree = "<group>"; };
		396BC0A61E56A2630088FE0E /* Base */ = {isa = PBXFileReference; lastKnownFileType = file.storyboard; name = Base; path = Base.lproj/Main.storyboard; sourceTree = "<group>"; };
		396BC0A81E56A2630088FE0E /* Assets.xcassets */ = {isa = PBXFileReference; lastKnownFileType = folder.assetcatalog; path = Assets.xcassets; sourceTree = "<group>"; };
		396BC0AB1E56A2630088FE0E /* Base */ = {isa = PBXFileReference; lastKnownFileType = file.storyboard; name = Base; path = Base.lproj/LaunchScreen.storyboard; sourceTree = "<group>"; };
		396BC0AD1E56A2630088FE0E /* Info.plist */ = {isa = PBXFileReference; lastKnownFileType = text.plist.xml; path = Info.plist; sourceTree = "<group>"; };
		396BC0B31E56E59F0088FE0E /* UPTableViewController.h */ = {isa = PBXFileReference; fileEncoding = 4; lastKnownFileType = sourcecode.c.h; path = UPTableViewController.h; sourceTree = "<group>"; };
		396BC0B41E56E59F0088FE0E /* UPTableViewController.m */ = {isa = PBXFileReference; fileEncoding = 4; lastKnownFileType = sourcecode.c.objc; path = UPTableViewController.m; sourceTree = "<group>"; };
		396BC0B91E56E8C70088FE0E /* PrefixHeader.pch */ = {isa = PBXFileReference; lastKnownFileType = sourcecode.c.h; path = PrefixHeader.pch; sourceTree = "<group>"; };
/* End PBXFileReference section */

/* Begin PBXFrameworksBuildPhase section */
		396BC0961E56A2630088FE0E /* Frameworks */ = {
			isa = PBXFrameworksBuildPhase;
			buildActionMask = 2147483647;
			files = (
			);
			runOnlyForDeploymentPostprocessing = 0;
		};
/* End PBXFrameworksBuildPhase section */

/* Begin PBXGroup section */
		396BC0901E56A2630088FE0E = {
			isa = PBXGroup;
			children = (
				396BC09B1E56A2630088FE0E /* ScrollNav */,
				396BC09A1E56A2630088FE0E /* Products */,
			);
			sourceTree = "<group>";
		};
		396BC09A1E56A2630088FE0E /* Products */ = {
			isa = PBXGroup;
			children = (
				396BC0991E56A2630088FE0E /* ScrollNav.app */,
			);
			name = Products;
			sourceTree = "<group>";
		};
		396BC09B1E56A2630088FE0E /* ScrollNav */ = {
			isa = PBXGroup;
			children = (
				396BC09F1E56A2630088FE0E /* AppDelegate.h */,
				396BC0A01E56A2630088FE0E /* AppDelegate.m */,
				396BC0A21E56A2630088FE0E /* ViewController.h */,
				396BC0A31E56A2630088FE0E /* ViewController.m */,
				396BC0A51E56A2630088FE0E /* Main.storyboard */,
				396BC0A81E56A2630088FE0E /* Assets.xcassets */,
				396BC0AA1E56A2630088FE0E /* LaunchScreen.storyboard */,
				396BC0AD1E56A2630088FE0E /* Info.plist */,
				396BC09C1E56A2630088FE0E /* Supporting Files */,
				396BC0B31E56E59F0088FE0E /* UPTableViewController.h */,
				396BC0B41E56E59F0088FE0E /* UPTableViewController.m */,
				396BC0B91E56E8C70088FE0E /* PrefixHeader.pch */,
			);
			path = ScrollNav;
			sourceTree = "<group>";
		};
		396BC09C1E56A2630088FE0E /* Supporting Files */ = {
			isa = PBXGroup;
			children = (
				396BC09D1E56A2630088FE0E /* main.m */,
			);
			name = "Supporting Files";
			sourceTree = "<group>";
		};
/* End PBXGroup section */

/* Begin PBXNativeTarget section */
		396BC0981E56A2630088FE0E /* ScrollNav */ = {
			isa = PBXNativeTarget;
			buildConfigurationList = 396BC0B01E56A2630088FE0E /* Build configuration list for PBXNativeTarget "ScrollNav" */;
			buildPhases = (
				396BC0951E56A2630088FE0E /* Sources */,
				396BC0961E56A2630088FE0E /* Frameworks */,
				396BC0971E56A2630088FE0E /* Resources */,
			);
			buildRules = (
			);
			dependencies = (
			);
			name = ScrollNav;
			productName = ScrollNav;
			productReference = 396BC0991E56A2630088FE0E /* ScrollNav.app */;
			productType = "com.apple.product-type.application";
		};
/* End PBXNativeTarget section */

/* Begin PBXProject section */
		396BC0911E56A2630088FE0E /* Project object */ = {
			isa = PBXProject;
			attributes = {
				LastUpgradeCheck = 0820;
				ORGANIZATIONNAME = gzh;
				TargetAttributes = {
					396BC0981E56A2630088FE0E = {
						CreatedOnToolsVersion = 8.2.1;
						DevelopmentTeam = GTBA3VY927;
						ProvisioningStyle = Automatic;
					};
				};
			};
			buildConfigurationList = 396BC0941E56A2630088FE0E /* Build configuration list for PBXProject "ScrollNav" */;
			compatibilityVersion = "Xcode 3.2";
			developmentRegion = English;
			hasScannedForEncodings = 0;
			knownRegions = (
				en,
				Base,
			);
			mainGroup = 396BC0901E56A2630088FE0E;
			productRefGroup = 396BC09A1E56A2630088FE0E /* Products */;
			projectDirPath = "";
			projectRoot = "";
			targets = (
				396BC0981E56A2630088FE0E /* ScrollNav */,
			);
		};
/* End PBXProject section */

/* Begin PBXResourcesBuildPhase section */
		396BC0971E56A2630088FE0E /* Resources */ = {
			isa = PBXResourcesBuildPhase;
			buildActionMask = 2147483647;
			files = (
				396BC0AC1E56A2630088FE0E /* LaunchScreen.storyboard in Resources */,
				396BC0A91E56A2630088FE0E /* Assets.xcassets in Resources */,
				396BC0A71E56A2630088FE0E /* Main.storyboard in Resources */,
			);
			runOnlyForDeploymentPostprocessing = 0;
		};
/* End PBXResourcesBuildPhase section */

/* Begin PBXSourcesBuildPhase section */
		396BC0951E56A2630088FE0E /* Sources */ = {
			isa = PBXSourcesBuildPhase;
			buildActionMask = 2147483647;
			files = (
				396BC0A41E56A2630088FE0E /* ViewController.m in Sources */,
				396BC0A11E56A2630088FE0E /* AppDelegate.m in Sources */,
				396BC0B51E56E59F0088FE0E /* UPTableViewController.m in Sources */,
				396BC09E1E56A2630088FE0E /* main.m in Sources */,
			);
			runOnlyForDeploymentPostprocessing = 0;
		};
/* End PBXSourcesBuildPhase section */

/* Begin PBXVariantGroup section */
		396BC0A51E56A2630088FE0E /* Main.storyboard */ = {
			isa = PBXVariantGroup;
			children = (
				396BC0A61E56A2630088FE0E /* Base */,
			);
			name = Main.storyboard;
			sourceTree = "<group>";
		};
		396BC0AA1E56A2630088FE0E /* LaunchScreen.storyboard */ = {
			isa = PBXVariantGroup;
			children = (
				396BC0AB1E56A2630088FE0E /* Base */,
			);
			name = LaunchScreen.storyboard;
			sourceTree = "<group>";
		};
/* End PBXVariantGroup section */

/* Begin XCBuildConfiguration section */
		396BC0AE1E56A2630088FE0E /* Debug */ = {
			isa = XCBuildConfiguration;
			buildSettings = {
				ALWAYS_SEARCH_USER_PATHS = NO;
				CLANG_ANALYZER_NONNULL = YES;
				CLANG_CXX_LANGUAGE_STANDARD = "gnu++0x";
				CLANG_CXX_LIBRARY = "libc++";
				CLANG_ENABLE_MODULES = YES;
				CLANG_ENABLE_OBJC_ARC = YES;
				CLANG_WARN_BOOL_CONVERSION = YES;
				CLANG_WARN_CONSTANT_CONVERSION = YES;
				CLANG_WARN_DIRECT_OBJC_ISA_USAGE = YES_ERROR;
				CLANG_WARN_DOCUMENTATION_COMMENTS = YES;
				CLANG_WARN_EMPTY_BODY = YES;
				CLANG_WARN_ENUM_CONVERSION = YES;
				CLANG_WARN_INFINITE_RECURSION = YES;
				CLANG_WARN_INT_CONVERSION = YES;
				CLANG_WARN_OBJC_ROOT_CLASS = YES_ERROR;
				CLANG_WARN_SUSPICIOUS_MOVE = YES;
				CLANG_WARN_UNREACHABLE_CODE = YES;
				CLANG_WARN__DUPLICATE_METHOD_MATCH = YES;
				"CODE_SIGN_IDENTITY[sdk=iphoneos*]" = "iPhone Developer";
				COPY_PHASE_STRIP = NO;
				DEBUG_INFORMATION_FORMAT = dwarf;
				ENABLE_STRICT_OBJC_MSGSEND = YES;
				ENABLE_TESTABILITY = YES;
				GCC_C_LANGUAGE_STANDARD = gnu99;
				GCC_DYNAMIC_NO_PIC = NO;
				GCC_NO_COMMON_BLOCKS = YES;
				GCC_OPTIMIZATION_LEVEL = 0;
				GCC_PREPROCESSOR_DEFINITIONS = (
					"DEBUG=1",
					"$(inherited)",
				);
				GCC_WARN_64_TO_32_BIT_CONVERSION = YES;
				GCC_WARN_ABOUT_RETURN_TYPE = YES_ERROR;
				GCC_WARN_UNDECLARED_SELECTOR = YES;
				GCC_WARN_UNINITIALIZED_AUTOS = YES_AGGRESSIVE;
				GCC_WARN_UNUSED_FUNCTION = YES;
				GCC_WARN_UNUSED_VARIABLE = YES;
				IPHONEOS_DEPLOYMENT_TARGET = 10.2;
				MTL_ENABLE_DEBUG_INFO = YES;
				ONLY_ACTIVE_ARCH = YES;
				SDKROOT = iphoneos;
				TARGETED_DEVICE_FAMILY = "1,2";
			};
			name = Debug;
		};
		396BC0AF1E56A2630088FE0E /* Release */ = {
			isa = XCBuildConfiguration;
			buildSettings = {
				ALWAYS_SEARCH_USER_PATHS = NO;
				CLANG_ANALYZER_NONNULL = YES;
				CLANG_CXX_LANGUAGE_STANDARD = "gnu++0x";
				CLANG_CXX_LIBRARY = "libc++";
				CLANG_ENABLE_MODULES = YES;
				CLANG_ENABLE_OBJC_ARC = YES;
				CLANG_WARN_BOOL_CONVERSION = YES;
				CLANG_WARN_CONSTANT_CONVERSION = YES;
				CLANG_WARN_DIRECT_OBJC_ISA_USAGE = YES_ERROR;
				CLANG_WARN_DOCUMENTATION_COMMENTS = YES;
				CLANG_WARN_EMPTY_BODY = YES;
				CLANG_WARN_ENUM_CONVERSION = YES;
				CLANG_WARN_INFINITE_RECURSION = YES;
				CLANG_WARN_INT_CONVERSION = YES;
				CLANG_WARN_OBJC_ROOT_CLASS = YES_ERROR;
				CLANG_WARN_SUSPICIOUS_MOVE = YES;
				CLANG_WARN_UNREACHABLE_CODE = YES;
				CLANG_WARN__DUPLICATE_METHOD_MATCH = YES;
				"CODE_SIGN_IDENTITY[sdk=iphoneos*]" = "iPhone Developer";
				COPY_PHASE_STRIP = NO;
				DEBUG_INFORMATION_FORMAT = "dwarf-with-dsym";
				ENABLE_NS_ASSERTIONS = NO;
				ENABLE_STRICT_OBJC_MSGSEND = YES;
				GCC_C_LANGUAGE_STANDARD = gnu99;
				GCC_NO_COMMON_BLOCKS = YES;
				GCC_WARN_64_TO_32_BIT_CONVERSION = YES;
				GCC_WARN_ABOUT_RETURN_TYPE = YES_ERROR;
				GCC_WARN_UNDECLARED_SELECTOR = YES;
				GCC_WARN_UNINITIALIZED_AUTOS = YES_AGGRESSIVE;
				GCC_WARN_UNUSED_FUNCTION = YES;
				GCC_WARN_UNUSED_VARIABLE = YES;
				IPHONEOS_DEPLOYMENT_TARGET = 10.2;
				MTL_ENABLE_DEBUG_INFO = NO;
				SDKROOT = iphoneos;
				TARGETED_DEVICE_FAMILY = "1,2";
				VALIDATE_PRODUCT = YES;
			};
			name = Release;
		};
		396BC0B11E56A2630088FE0E /* Debug */ = {
			isa = XCBuildConfiguration;
			buildSettings = {
				ASSETCATALOG_COMPILER_APPICON_NAME = AppIcon;
				DEVELOPMENT_TEAM = GTBA3VY927;
				GCC_PRECOMPILE_PREFIX_HEADER = YES;
				GCC_PREFIX_HEADER = ScrollNav/PrefixHeader.pch;
				INFOPLIST_FILE = ScrollNav/Info.plist;
				LD_RUNPATH_SEARCH_PATHS = "$(inherited) @executable_path/Frameworks";
				PRODUCT_BUNDLE_IDENTIFIER = com.gzh.zero;
				PRODUCT_NAME = "$(TARGET_NAME)";
			};
			name = Debug;
		};
		396BC0B21E56A2630088FE0E /* Release */ = {
			isa = XCBuildConfiguration;
			buildSettings = {
				ASSETCATALOG_COMPILER_APPICON_NAME = AppIcon;
				DEVELOPMENT_TEAM = GTBA3VY927;
				GCC_PRECOMPILE_PREFIX_HEADER = YES;
				GCC_PREFIX_HEADER = ScrollNav/PrefixHeader.pch;
				INFOPLIST_FILE = ScrollNav/Info.plist;
				LD_RUNPATH_SEARCH_PATHS = "$(inherited) @executable_path/Frameworks";
				PRODUCT_BUNDLE_IDENTIFIER = com.gzh.zero;
				PRODUCT_NAME = "$(TARGET_NAME)";
			};
			name = Release;
		};
/* End XCBuildConfiguration section */

/* Begin XCConfigurationList section */
		396BC0941E56A2630088FE0E /* Build configuration list for PBXProject "ScrollNav" */ = {
			isa = XCConfigurationList;
			buildConfigurations = (
				396BC0AE1E56A2630088FE0E /* Debug */,
				396BC0AF1E56A2630088FE0E /* Release */,
			);
			defaultConfigurationIsVisible = 0;
			defaultConfigurationName = Release;
		};
		396BC0B01E56A2630088FE0E /* Build configuration list for PBXNativeTarget "ScrollNav" */ = {
			isa = XCConfigurationList;
			buildConfigurations = (
				396BC0B11E56A2630088FE0E /* Debug */,
				396BC0B21E56A2630088FE0E /* Release */,
			);
			defaultConfigurationIsVisible = 0;
		};
/* End XCConfigurationList section */
	};
	rootObject = 396BC0911E56A2630088FE0E /* Project object */;
}
